
Microsoft Visual Studio Solution File, Format Version 12.00
# Visual Studio Version 17
VisualStudioVersion = 17.8.34330.188
MinimumVisualStudioVersion = 10.0.40219.1
Project("{9A19103F-16F7-4668-BE54-9A1E7A4F7556}") = "BulkyWeb", "BulkyWeb\BulkyWeb.csproj", "{81B8F47A-A47D-4011-8273-89E6EC509885}"
EndProject
Project("{FAE04EC0-301F-11D3-BF4B-00C04F79EFBC}") = "BulkyWebRazor_Temp", "BulkyWebRazor_Temp\BulkyWebRazor_Temp.csproj", "{047AC69C-EA66-4738-81E4-4C47A80923DA}"
EndProject
Global
	GlobalSection(SolutionConfigurationPlatforms) = preSolution
		Debug|Any CPU = Debug|Any CPU
		Release|Any CPU = Release|Any CPU
	EndGlobalSection
	GlobalSection(ProjectConfigurationPlatforms) = postSolution
		{81B8F47A-A47D-4011-8273-89E6EC509885}.Debug|Any CPU.ActiveCfg = Debug|Any CPU
		{81B8F47A-A47D-4011-8273-89E6EC509885}.Debug|Any CPU.Build.0 = Debug|Any CPU
		{81B8F47A-A47D-4011-8273-89E6EC509885}.Release|Any CPU.ActiveCfg = Release|Any CPU
		{81B8F47A-A47D-4011-8273-89E6EC509885}.Release|Any CPU.Build.0 = Release|Any CPU
		{047AC69C-EA66-4738-81E4-4C47A80923DA}.Debug|Any CPU.ActiveCfg = Debug|Any CPU
		{047AC69C-EA66-4738-81E4-4C47A80923DA}.Debug|Any CPU.Build.0 = Debug|Any CPU
		{047AC69C-EA66-4738-81E4-4C47A80923DA}.Release|Any CPU.ActiveCfg = Release|Any CPU
		{047AC69C-EA66-4738-81E4-4C47A80923DA}.Release|Any CPU.Build.0 = Release|Any CPU
	EndGlobalSection
	GlobalSection(SolutionProperties) = preSolution
		HideSolutionNode = FALSE
	EndGlobalSection
	GlobalSection(ExtensibilityGlobals) = postSolution
		SolutionGuid = {282B72F1-A734-40CE-B143-E9D173444F2C}
	EndGlobalSection
EndGlobal
