
Microsoft Visual Studio Solution File, Format Version 12.00
# Visual Studio Version 17
VisualStudioVersion = 17.5.002.0
MinimumVisualStudioVersion = 10.0.40219.1
Project("{9A19103F-16F7-4668-BE54-9A1E7A4F7556}") = "BulkyWeb", "BulkyWeb.csproj", "{8971BCB6-1155-4C1B-AAAC-14FBA5BE248F}"
EndProject
Global
	GlobalSection(SolutionConfigurationPlatforms) = preSolution
		Debug|Any CPU = Debug|Any CPU
		Release|Any CPU = Release|Any CPU
	EndGlobalSection
	GlobalSection(ProjectConfigurationPlatforms) = postSolution
		{8971BCB6-1155-4C1B-AAAC-14FBA5BE248F}.Debug|Any CPU.ActiveCfg = Debug|Any CPU
		{8971BCB6-1155-4C1B-AAAC-14FBA5BE248F}.Debug|Any CPU.Build.0 = Debug|Any CPU
		{8971BCB6-1155-4C1B-AAAC-14FBA5BE248F}.Release|Any CPU.ActiveCfg = Release|Any CPU
		{8971BCB6-1155-4C1B-AAAC-14FBA5BE248F}.Release|Any CPU.Build.0 = Release|Any CPU
	EndGlobalSection
	GlobalSection(SolutionProperties) = preSolution
		HideSolutionNode = FALSE
	EndGlobalSection
	GlobalSection(ExtensibilityGlobals) = postSolution
		SolutionGuid = {72C28E19-F780-458D-83BE-78E9121D69B7}
	EndGlobalSection
EndGlobal
